
Microsoft Visual Studio Solution File, Format Version 12.00
# Visual Studio 15
VisualStudioVersion = 15.0.28010.2048
MinimumVisualStudioVersion = 10.0.40219.1
Project("{9A19103F-16F7-4668-BE54-9A1E7A4F7556}") = "CustomerServiceMobile", "CustomerServiceMobile\CustomerServiceMobile.csproj", "{CE34AAD9-87BD-4567-AEEB-96599409057D}"
EndProject
Project("{FAE04EC0-301F-11D3-BF4B-00C04F79EFBC}") = "CustomerServiceMobile.Android", "CustomerServiceMobile.Android\CustomerServiceMobile.Android.csproj", "{5B6279F3-F370-4E5E-8810-A1707BEF4B1C}"
EndProject
Project("{9A19103F-16F7-4668-BE54-9A1E7A4F7556}") = "CustomerService.DTO", "..\Web\CustomerService.DTO\CustomerService.DTO.csproj", "{88FFDB39-E2E0-4E9D-BE5A-20D9D229750C}"
EndProject
Global
	GlobalSection(SolutionConfigurationPlatforms) = preSolution
		Debug|Any CPU = Debug|Any CPU
		Release|Any CPU = Release|Any CPU
	EndGlobalSection
	GlobalSection(ProjectConfigurationPlatforms) = postSolution
		{CE34AAD9-87BD-4567-AEEB-96599409057D}.Debug|Any CPU.ActiveCfg = Debug|Any CPU
		{CE34AAD9-87BD-4567-AEEB-96599409057D}.Debug|Any CPU.Build.0 = Debug|Any CPU
		{CE34AAD9-87BD-4567-AEEB-96599409057D}.Release|Any CPU.ActiveCfg = Release|Any CPU
		{CE34AAD9-87BD-4567-AEEB-96599409057D}.Release|Any CPU.Build.0 = Release|Any CPU
		{5B6279F3-F370-4E5E-8810-A1707BEF4B1C}.Debug|Any CPU.ActiveCfg = Debug|Any CPU
		{5B6279F3-F370-4E5E-8810-A1707BEF4B1C}.Debug|Any CPU.Build.0 = Debug|Any CPU
		{5B6279F3-F370-4E5E-8810-A1707BEF4B1C}.Debug|Any CPU.Deploy.0 = Debug|Any CPU
		{5B6279F3-F370-4E5E-8810-A1707BEF4B1C}.Release|Any CPU.ActiveCfg = Release|Any CPU
		{5B6279F3-F370-4E5E-8810-A1707BEF4B1C}.Release|Any CPU.Build.0 = Release|Any CPU
		{5B6279F3-F370-4E5E-8810-A1707BEF4B1C}.Release|Any CPU.Deploy.0 = Release|Any CPU
		{88FFDB39-E2E0-4E9D-BE5A-20D9D229750C}.Debug|Any CPU.ActiveCfg = Debug|Any CPU
		{88FFDB39-E2E0-4E9D-BE5A-20D9D229750C}.Debug|Any CPU.Build.0 = Debug|Any CPU
		{88FFDB39-E2E0-4E9D-BE5A-20D9D229750C}.Release|Any CPU.ActiveCfg = Release|Any CPU
		{88FFDB39-E2E0-4E9D-BE5A-20D9D229750C}.Release|Any CPU.Build.0 = Release|Any CPU
	EndGlobalSection
	GlobalSection(SolutionProperties) = preSolution
		HideSolutionNode = FALSE
	EndGlobalSection
	GlobalSection(ExtensibilityGlobals) = postSolution
		SolutionGuid = {2F7BD7FD-B35F-4612-979C-25F88FDFDDF9}
	EndGlobalSection
EndGlobal
